
Microsoft Visual Studio Solution File, Format Version 12.00
# Visual Studio Version 17
VisualStudioVersion = 17.6.33723.286
MinimumVisualStudioVersion = 10.0.40219.1
Project("{FAE04EC0-301F-11D3-BF4B-00C04F79EFBC}") = "Jokes Database Web App", "Jokes Database Web App.csproj", "{8280A37C-F11C-44E4-8E31-268D4FA3A349}"
EndProject
Global
	GlobalSection(SolutionConfigurationPlatforms) = preSolution
		Debug|Any CPU = Debug|Any CPU
		Release|Any CPU = Release|Any CPU
	EndGlobalSection
	GlobalSection(ProjectConfigurationPlatforms) = postSolution
		{8280A37C-F11C-44E4-8E31-268D4FA3A349}.Debug|Any CPU.ActiveCfg = Debug|Any CPU
		{8280A37C-F11C-44E4-8E31-268D4FA3A349}.Debug|Any CPU.Build.0 = Debug|Any CPU
		{8280A37C-F11C-44E4-8E31-268D4FA3A349}.Release|Any CPU.ActiveCfg = Release|Any CPU
		{8280A37C-F11C-44E4-8E31-268D4FA3A349}.Release|Any CPU.Build.0 = Release|Any CPU
	EndGlobalSection
	GlobalSection(SolutionProperties) = preSolution
		HideSolutionNode = FALSE
	EndGlobalSection
	GlobalSection(ExtensibilityGlobals) = postSolution
		SolutionGuid = {8E4E000D-43EF-4234-9828-E93FAC314280}
	EndGlobalSection
EndGlobal
